
Microsoft Visual Studio Solution File, Format Version 12.00
# Visual Studio Version 16
VisualStudioVersion = 16.0.30413.136
MinimumVisualStudioVersion = 10.0.40219.1
Project("{9A19103F-16F7-4668-BE54-9A1E7A4F7556}") = "GrantsCollaboration", "GrantsCollaboration\GrantsCollaboration.csproj", "{4475E4D2-DC53-42E0-ACB9-A847692D2708}"
EndProject
Project("{9A19103F-16F7-4668-BE54-9A1E7A4F7556}") = "GrantsEntities", "GrantsEntities\GrantsEntities.csproj", "{B6E510A0-85DA-426C-87DB-909A96A93EAC}"
EndProject
Global
	GlobalSection(SolutionConfigurationPlatforms) = preSolution
		Debug|Any CPU = Debug|Any CPU
		Release|Any CPU = Release|Any CPU
	EndGlobalSection
	GlobalSection(ProjectConfigurationPlatforms) = postSolution
		{4475E4D2-DC53-42E0-ACB9-A847692D2708}.Debug|Any CPU.ActiveCfg = Debug|Any CPU
		{4475E4D2-DC53-42E0-ACB9-A847692D2708}.Debug|Any CPU.Build.0 = Debug|Any CPU
		{4475E4D2-DC53-42E0-ACB9-A847692D2708}.Release|Any CPU.ActiveCfg = Release|Any CPU
		{4475E4D2-DC53-42E0-ACB9-A847692D2708}.Release|Any CPU.Build.0 = Release|Any CPU
		{B6E510A0-85DA-426C-87DB-909A96A93EAC}.Debug|Any CPU.ActiveCfg = Debug|Any CPU
		{B6E510A0-85DA-426C-87DB-909A96A93EAC}.Debug|Any CPU.Build.0 = Debug|Any CPU
		{B6E510A0-85DA-426C-87DB-909A96A93EAC}.Release|Any CPU.ActiveCfg = Release|Any CPU
		{B6E510A0-85DA-426C-87DB-909A96A93EAC}.Release|Any CPU.Build.0 = Release|Any CPU
	EndGlobalSection
	GlobalSection(SolutionProperties) = preSolution
		HideSolutionNode = FALSE
	EndGlobalSection
	GlobalSection(ExtensibilityGlobals) = postSolution
		SolutionGuid = {C2A929EC-AD78-456A-B217-A6C8683EC222}
	EndGlobalSection
EndGlobal
